
Microsoft Visual Studio Solution File, Format Version 12.00
# Visual Studio Version 17
VisualStudioVersion = 17.1.32210.238
MinimumVisualStudioVersion = 10.0.40219.1
Project("{FAE04EC0-301F-11D3-BF4B-00C04F79EFBC}") = "modul6_kelompok_1", "modul6_kelompok_1\modul6_kelompok_1.csproj", "{DD4AD454-4674-48EF-8B75-5423AC056EA1}"
EndProject
Global
	GlobalSection(SolutionConfigurationPlatforms) = preSolution
		Debug|Any CPU = Debug|Any CPU
		Release|Any CPU = Release|Any CPU
	EndGlobalSection
	GlobalSection(ProjectConfigurationPlatforms) = postSolution
		{DD4AD454-4674-48EF-8B75-5423AC056EA1}.Debug|Any CPU.ActiveCfg = Debug|Any CPU
		{DD4AD454-4674-48EF-8B75-5423AC056EA1}.Debug|Any CPU.Build.0 = Debug|Any CPU
		{DD4AD454-4674-48EF-8B75-5423AC056EA1}.Release|Any CPU.ActiveCfg = Release|Any CPU
		{DD4AD454-4674-48EF-8B75-5423AC056EA1}.Release|Any CPU.Build.0 = Release|Any CPU
	EndGlobalSection
	GlobalSection(SolutionProperties) = preSolution
		HideSolutionNode = FALSE
	EndGlobalSection
	GlobalSection(ExtensibilityGlobals) = postSolution
		SolutionGuid = {B7972FA9-3CD8-4A69-903C-08DC6825EADB}
	EndGlobalSection
EndGlobal
